# generated by rye
# use `rye lock` or `rye sync` to update this lockfile
#
# last locked with the following flags:
#   pre: false
#   features: []
#   all-features: false
#   with-sources: false
#   generate-hashes: false
#   universal: false

-e file:.
certifi==2025.1.31
    # via requests
charset-normalizer==3.4.1
    # via requests
idna==3.10
    # via requests
numpy==2.2.3
    # via pandas
    # via tahmo
pandas==2.2.3
    # via tahmo
python-dateutil==2.9.0.post0
    # via pandas
    # via tahmo
pytz==2025.1
    # via pandas
requests==2.32.3
    # via tahmo
six==1.17.0
    # via python-dateutil
tzdata==2025.1
    # via pandas
urllib3==2.3.0
    # via requests
